
Microsoft Visual Studio Solution File, Format Version 12.00
# Visual Studio Version 17
VisualStudioVersion = 17.0.31423.177
MinimumVisualStudioVersion = 10.0.40219.1
Project("{2150E333-8FDC-42A3-9474-1A3956D46DE8}") = "Identity", "Identity", "{06C03F42-8E4B-4A8B-A198-403A6B6B97D4}"
EndProject
Project("{2150E333-8FDC-42A3-9474-1A3956D46DE8}") = "Comms", "Comms", "{9BA45016-E40C-4B54-82BF-B76BBA317EC4}"
EndProject
Project("{2150E333-8FDC-42A3-9474-1A3956D46DE8}") = "Content", "Content", "{6E3400C1-B1A3-40DF-B8DF-73F182D3326E}"
EndProject
Project("{2150E333-8FDC-42A3-9474-1A3956D46DE8}") = "Microservices", "Microservices", "{70FF0256-7BE0-4F1B-B0B3-E0A5DB3EDE15}"
EndProject
Project("{2150E333-8FDC-42A3-9474-1A3956D46DE8}") = "Sockets", "Sockets", "{7975CC9D-70C3-4B8E-978C-11FE95FCC719}"
EndProject
Project("{2150E333-8FDC-42A3-9474-1A3956D46DE8}") = "Reports", "Reports", "{94A2ED32-2A4F-4229-A0E4-12537BAAEA17}"
EndProject
Project("{9A19103F-16F7-4668-BE54-9A1E7A4F7556}") = "Library.Core", "Libraries\Library.Core\Library.Core.csproj", "{B3605E45-B0E6-4E46-A1BA-3512ADA2B327}"
EndProject
Project("{9A19103F-16F7-4668-BE54-9A1E7A4F7556}") = "Library.Service", "Libraries\Library.Service\Library.Service.csproj", "{6DAA88BA-C979-49FA-AFD7-6456D88BC71D}"
EndProject
Project("{9A19103F-16F7-4668-BE54-9A1E7A4F7556}") = "Gateway", "Gateway\Gateway.csproj", "{49BC231D-6FD2-4384-9931-39E2D795BAB2}"
EndProject
Project("{9A19103F-16F7-4668-BE54-9A1E7A4F7556}") = "Sockets", "Microservices\Sockets\Sockets\Sockets.csproj", "{95519D95-042A-474A-98BE-DFF5312AC5AD}"
EndProject
Project("{9A19103F-16F7-4668-BE54-9A1E7A4F7556}") = "Reports.Tests", "Microservices\Reports\Reports.Tests\Reports.Tests.csproj", "{530D8667-9B00-4338-A8F4-96A834D4AA8D}"
EndProject
Project("{9A19103F-16F7-4668-BE54-9A1E7A4F7556}") = "Reports.Domain", "Microservices\Reports\Reports.Domain\Reports.Domain.csproj", "{1E10345F-C692-4C09-887C-4A7C1D402FA5}"
EndProject
Project("{9A19103F-16F7-4668-BE54-9A1E7A4F7556}") = "Reports.Core", "Microservices\Reports\Reports.Core\Reports.Core.csproj", "{AF6F23D4-D4E4-42C7-A625-FA752E622E31}"
EndProject
Project("{9A19103F-16F7-4668-BE54-9A1E7A4F7556}") = "Reports.Api", "Microservices\Reports\Reports.Api\Reports.Api.csproj", "{8249454C-4632-48B5-A0D2-620D3ACAE6E0}"
EndProject
Project("{9A19103F-16F7-4668-BE54-9A1E7A4F7556}") = "Identity.Tests", "Microservices\Identity\Identity.Tests\Identity.Tests.csproj", "{0FDBFFFC-A3F2-492C-83C5-B2FBB79FA9CF}"
EndProject
Project("{9A19103F-16F7-4668-BE54-9A1E7A4F7556}") = "Identity.Domain", "Microservices\Identity\Identity.Domain\Identity.Domain.csproj", "{4A87202F-9CFC-4372-8014-661330F11712}"
EndProject
Project("{9A19103F-16F7-4668-BE54-9A1E7A4F7556}") = "Identity.Core", "Microservices\Identity\Identity.Core\Identity.Core.csproj", "{4A3C35C8-4DE5-4FE4-91CA-5BFA9B65ACFD}"
EndProject
Project("{9A19103F-16F7-4668-BE54-9A1E7A4F7556}") = "Identity.Api", "Microservices\Identity\Identity.Api\Identity.Api.csproj", "{9D2798B5-6873-4974-9A79-2D4B41492236}"
EndProject
Project("{9A19103F-16F7-4668-BE54-9A1E7A4F7556}") = "Content.Tests", "Microservices\Content\Content.Tests\Content.Tests.csproj", "{499A54A5-75CD-4781-8D9B-DA32C329C95A}"
EndProject
Project("{9A19103F-16F7-4668-BE54-9A1E7A4F7556}") = "Content.Domain", "Microservices\Content\Content.Domain\Content.Domain.csproj", "{C3FF1668-5E9E-4318-89C9-7CFBC143F098}"
EndProject
Project("{9A19103F-16F7-4668-BE54-9A1E7A4F7556}") = "Content.Core", "Microservices\Content\Content.Core\Content.Core.csproj", "{05CC73BD-76AE-47E7-8C15-26E502015FD5}"
EndProject
Project("{9A19103F-16F7-4668-BE54-9A1E7A4F7556}") = "Content.Api", "Microservices\Content\Content.Api\Content.Api.csproj", "{0A99A6B2-EECA-490A-B448-98A3042957BA}"
EndProject
Project("{9A19103F-16F7-4668-BE54-9A1E7A4F7556}") = "Comms.Tests", "Microservices\Comms\Comms.Tests\Comms.Tests.csproj", "{F766D26D-94F8-4D5B-B1ED-AE8F909A21E3}"
EndProject
Project("{9A19103F-16F7-4668-BE54-9A1E7A4F7556}") = "Comms.Domain", "Microservices\Comms\Comms.Domain\Comms.Domain.csproj", "{B566BAC0-FD07-4F53-B88C-D59BAD950B2F}"
EndProject
Project("{9A19103F-16F7-4668-BE54-9A1E7A4F7556}") = "Comms.Core", "Microservices\Comms\Comms.Core\Comms.Core.csproj", "{625514F2-59C0-41C0-8E65-49CC4729368C}"
EndProject
Project("{9A19103F-16F7-4668-BE54-9A1E7A4F7556}") = "Comms.Api", "Microservices\Comms\Comms.Api\Comms.Api.csproj", "{0FC62F34-DE14-45EE-A1AB-CC7C512CB05E}"
EndProject
Project("{2150E333-8FDC-42A3-9474-1A3956D46DE8}") = "Libraries", "Libraries", "{D028687B-ECFB-4FF2-A943-2E1AC8BE5212}"
EndProject
Project("{2150E333-8FDC-42A3-9474-1A3956D46DE8}") = "Solution Items", "Solution Items", "{44738A36-FF3D-45C4-82E3-E1718BFCE713}"
	ProjectSection(SolutionItems) = preProject
		Directory.Build.props = Directory.Build.props
	EndProjectSection
EndProject
Global
	GlobalSection(SolutionConfigurationPlatforms) = preSolution
		Debug|Any CPU = Debug|Any CPU
		Release|Any CPU = Release|Any CPU
	EndGlobalSection
	GlobalSection(ProjectConfigurationPlatforms) = postSolution
		{B3605E45-B0E6-4E46-A1BA-3512ADA2B327}.Debug|Any CPU.ActiveCfg = Debug|Any CPU
		{B3605E45-B0E6-4E46-A1BA-3512ADA2B327}.Debug|Any CPU.Build.0 = Debug|Any CPU
		{B3605E45-B0E6-4E46-A1BA-3512ADA2B327}.Release|Any CPU.ActiveCfg = Release|Any CPU
		{B3605E45-B0E6-4E46-A1BA-3512ADA2B327}.Release|Any CPU.Build.0 = Release|Any CPU
		{6DAA88BA-C979-49FA-AFD7-6456D88BC71D}.Debug|Any CPU.ActiveCfg = Debug|Any CPU
		{6DAA88BA-C979-49FA-AFD7-6456D88BC71D}.Debug|Any CPU.Build.0 = Debug|Any CPU
		{6DAA88BA-C979-49FA-AFD7-6456D88BC71D}.Release|Any CPU.ActiveCfg = Release|Any CPU
		{6DAA88BA-C979-49FA-AFD7-6456D88BC71D}.Release|Any CPU.Build.0 = Release|Any CPU
		{49BC231D-6FD2-4384-9931-39E2D795BAB2}.Debug|Any CPU.ActiveCfg = Debug|Any CPU
		{49BC231D-6FD2-4384-9931-39E2D795BAB2}.Debug|Any CPU.Build.0 = Debug|Any CPU
		{49BC231D-6FD2-4384-9931-39E2D795BAB2}.Release|Any CPU.ActiveCfg = Release|Any CPU
		{49BC231D-6FD2-4384-9931-39E2D795BAB2}.Release|Any CPU.Build.0 = Release|Any CPU
		{95519D95-042A-474A-98BE-DFF5312AC5AD}.Debug|Any CPU.ActiveCfg = Debug|Any CPU
		{95519D95-042A-474A-98BE-DFF5312AC5AD}.Debug|Any CPU.Build.0 = Debug|Any CPU
		{95519D95-042A-474A-98BE-DFF5312AC5AD}.Release|Any CPU.ActiveCfg = Release|Any CPU
		{95519D95-042A-474A-98BE-DFF5312AC5AD}.Release|Any CPU.Build.0 = Release|Any CPU
		{530D8667-9B00-4338-A8F4-96A834D4AA8D}.Debug|Any CPU.ActiveCfg = Debug|Any CPU
		{530D8667-9B00-4338-A8F4-96A834D4AA8D}.Debug|Any CPU.Build.0 = Debug|Any CPU
		{530D8667-9B00-4338-A8F4-96A834D4AA8D}.Release|Any CPU.ActiveCfg = Release|Any CPU
		{530D8667-9B00-4338-A8F4-96A834D4AA8D}.Release|Any CPU.Build.0 = Release|Any CPU
		{1E10345F-C692-4C09-887C-4A7C1D402FA5}.Debug|Any CPU.ActiveCfg = Debug|Any CPU
		{1E10345F-C692-4C09-887C-4A7C1D402FA5}.Debug|Any CPU.Build.0 = Debug|Any CPU
		{1E10345F-C692-4C09-887C-4A7C1D402FA5}.Release|Any CPU.ActiveCfg = Release|Any CPU
		{1E10345F-C692-4C09-887C-4A7C1D402FA5}.Release|Any CPU.Build.0 = Release|Any CPU
		{AF6F23D4-D4E4-42C7-A625-FA752E622E31}.Debug|Any CPU.ActiveCfg = Debug|Any CPU
		{AF6F23D4-D4E4-42C7-A625-FA752E622E31}.Debug|Any CPU.Build.0 = Debug|Any CPU
		{AF6F23D4-D4E4-42C7-A625-FA752E622E31}.Release|Any CPU.ActiveCfg = Release|Any CPU
		{AF6F23D4-D4E4-42C7-A625-FA752E622E31}.Release|Any CPU.Build.0 = Release|Any CPU
		{8249454C-4632-48B5-A0D2-620D3ACAE6E0}.Debug|Any CPU.ActiveCfg = Debug|Any CPU
		{8249454C-4632-48B5-A0D2-620D3ACAE6E0}.Debug|Any CPU.Build.0 = Debug|Any CPU
		{8249454C-4632-48B5-A0D2-620D3ACAE6E0}.Release|Any CPU.ActiveCfg = Release|Any CPU
		{8249454C-4632-48B5-A0D2-620D3ACAE6E0}.Release|Any CPU.Build.0 = Release|Any CPU
		{0FDBFFFC-A3F2-492C-83C5-B2FBB79FA9CF}.Debug|Any CPU.ActiveCfg = Debug|Any CPU
		{0FDBFFFC-A3F2-492C-83C5-B2FBB79FA9CF}.Debug|Any CPU.Build.0 = Debug|Any CPU
		{0FDBFFFC-A3F2-492C-83C5-B2FBB79FA9CF}.Release|Any CPU.ActiveCfg = Release|Any CPU
		{0FDBFFFC-A3F2-492C-83C5-B2FBB79FA9CF}.Release|Any CPU.Build.0 = Release|Any CPU
		{4A87202F-9CFC-4372-8014-661330F11712}.Debug|Any CPU.ActiveCfg = Debug|Any CPU
		{4A87202F-9CFC-4372-8014-661330F11712}.Debug|Any CPU.Build.0 = Debug|Any CPU
		{4A87202F-9CFC-4372-8014-661330F11712}.Release|Any CPU.ActiveCfg = Release|Any CPU
		{4A87202F-9CFC-4372-8014-661330F11712}.Release|Any CPU.Build.0 = Release|Any CPU
		{4A3C35C8-4DE5-4FE4-91CA-5BFA9B65ACFD}.Debug|Any CPU.ActiveCfg = Debug|Any CPU
		{4A3C35C8-4DE5-4FE4-91CA-5BFA9B65ACFD}.Debug|Any CPU.Build.0 = Debug|Any CPU
		{4A3C35C8-4DE5-4FE4-91CA-5BFA9B65ACFD}.Release|Any CPU.ActiveCfg = Release|Any CPU
		{4A3C35C8-4DE5-4FE4-91CA-5BFA9B65ACFD}.Release|Any CPU.Build.0 = Release|Any CPU
		{9D2798B5-6873-4974-9A79-2D4B41492236}.Debug|Any CPU.ActiveCfg = Debug|Any CPU
		{9D2798B5-6873-4974-9A79-2D4B41492236}.Debug|Any CPU.Build.0 = Debug|Any CPU
		{9D2798B5-6873-4974-9A79-2D4B41492236}.Release|Any CPU.ActiveCfg = Release|Any CPU
		{9D2798B5-6873-4974-9A79-2D4B41492236}.Release|Any CPU.Build.0 = Release|Any CPU
		{499A54A5-75CD-4781-8D9B-DA32C329C95A}.Debug|Any CPU.ActiveCfg = Debug|Any CPU
		{499A54A5-75CD-4781-8D9B-DA32C329C95A}.Debug|Any CPU.Build.0 = Debug|Any CPU
		{499A54A5-75CD-4781-8D9B-DA32C329C95A}.Release|Any CPU.ActiveCfg = Release|Any CPU
		{499A54A5-75CD-4781-8D9B-DA32C329C95A}.Release|Any CPU.Build.0 = Release|Any CPU
		{C3FF1668-5E9E-4318-89C9-7CFBC143F098}.Debug|Any CPU.ActiveCfg = Debug|Any CPU
		{C3FF1668-5E9E-4318-89C9-7CFBC143F098}.Debug|Any CPU.Build.0 = Debug|Any CPU
		{C3FF1668-5E9E-4318-89C9-7CFBC143F098}.Release|Any CPU.ActiveCfg = Release|Any CPU
		{C3FF1668-5E9E-4318-89C9-7CFBC143F098}.Release|Any CPU.Build.0 = Release|Any CPU
		{05CC73BD-76AE-47E7-8C15-26E502015FD5}.Debug|Any CPU.ActiveCfg = Debug|Any CPU
		{05CC73BD-76AE-47E7-8C15-26E502015FD5}.Debug|Any CPU.Build.0 = Debug|Any CPU
		{05CC73BD-76AE-47E7-8C15-26E502015FD5}.Release|Any CPU.ActiveCfg = Release|Any CPU
		{05CC73BD-76AE-47E7-8C15-26E502015FD5}.Release|Any CPU.Build.0 = Release|Any CPU
		{0A99A6B2-EECA-490A-B448-98A3042957BA}.Debug|Any CPU.ActiveCfg = Debug|Any CPU
		{0A99A6B2-EECA-490A-B448-98A3042957BA}.Debug|Any CPU.Build.0 = Debug|Any CPU
		{0A99A6B2-EECA-490A-B448-98A3042957BA}.Release|Any CPU.ActiveCfg = Release|Any CPU
		{0A99A6B2-EECA-490A-B448-98A3042957BA}.Release|Any CPU.Build.0 = Release|Any CPU
		{F766D26D-94F8-4D5B-B1ED-AE8F909A21E3}.Debug|Any CPU.ActiveCfg = Debug|Any CPU
		{F766D26D-94F8-4D5B-B1ED-AE8F909A21E3}.Debug|Any CPU.Build.0 = Debug|Any CPU
		{F766D26D-94F8-4D5B-B1ED-AE8F909A21E3}.Release|Any CPU.ActiveCfg = Release|Any CPU
		{F766D26D-94F8-4D5B-B1ED-AE8F909A21E3}.Release|Any CPU.Build.0 = Release|Any CPU
		{B566BAC0-FD07-4F53-B88C-D59BAD950B2F}.Debug|Any CPU.ActiveCfg = Debug|Any CPU
		{B566BAC0-FD07-4F53-B88C-D59BAD950B2F}.Debug|Any CPU.Build.0 = Debug|Any CPU
		{B566BAC0-FD07-4F53-B88C-D59BAD950B2F}.Release|Any CPU.ActiveCfg = Release|Any CPU
		{B566BAC0-FD07-4F53-B88C-D59BAD950B2F}.Release|Any CPU.Build.0 = Release|Any CPU
		{625514F2-59C0-41C0-8E65-49CC4729368C}.Debug|Any CPU.ActiveCfg = Debug|Any CPU
		{625514F2-59C0-41C0-8E65-49CC4729368C}.Debug|Any CPU.Build.0 = Debug|Any CPU
		{625514F2-59C0-41C0-8E65-49CC4729368C}.Release|Any CPU.ActiveCfg = Release|Any CPU
		{625514F2-59C0-41C0-8E65-49CC4729368C}.Release|Any CPU.Build.0 = Release|Any CPU
		{0FC62F34-DE14-45EE-A1AB-CC7C512CB05E}.Debug|Any CPU.ActiveCfg = Debug|Any CPU
		{0FC62F34-DE14-45EE-A1AB-CC7C512CB05E}.Debug|Any CPU.Build.0 = Debug|Any CPU
		{0FC62F34-DE14-45EE-A1AB-CC7C512CB05E}.Release|Any CPU.ActiveCfg = Release|Any CPU
		{0FC62F34-DE14-45EE-A1AB-CC7C512CB05E}.Release|Any CPU.Build.0 = Release|Any CPU
	EndGlobalSection
	GlobalSection(SolutionProperties) = preSolution
		HideSolutionNode = FALSE
	EndGlobalSection
	GlobalSection(NestedProjects) = preSolution
		{06C03F42-8E4B-4A8B-A198-403A6B6B97D4} = {70FF0256-7BE0-4F1B-B0B3-E0A5DB3EDE15}
		{9BA45016-E40C-4B54-82BF-B76BBA317EC4} = {70FF0256-7BE0-4F1B-B0B3-E0A5DB3EDE15}
		{6E3400C1-B1A3-40DF-B8DF-73F182D3326E} = {70FF0256-7BE0-4F1B-B0B3-E0A5DB3EDE15}
		{7975CC9D-70C3-4B8E-978C-11FE95FCC719} = {70FF0256-7BE0-4F1B-B0B3-E0A5DB3EDE15}
		{94A2ED32-2A4F-4229-A0E4-12537BAAEA17} = {70FF0256-7BE0-4F1B-B0B3-E0A5DB3EDE15}
		{B3605E45-B0E6-4E46-A1BA-3512ADA2B327} = {D028687B-ECFB-4FF2-A943-2E1AC8BE5212}
		{6DAA88BA-C979-49FA-AFD7-6456D88BC71D} = {D028687B-ECFB-4FF2-A943-2E1AC8BE5212}
		{95519D95-042A-474A-98BE-DFF5312AC5AD} = {7975CC9D-70C3-4B8E-978C-11FE95FCC719}
		{530D8667-9B00-4338-A8F4-96A834D4AA8D} = {94A2ED32-2A4F-4229-A0E4-12537BAAEA17}
		{1E10345F-C692-4C09-887C-4A7C1D402FA5} = {94A2ED32-2A4F-4229-A0E4-12537BAAEA17}
		{AF6F23D4-D4E4-42C7-A625-FA752E622E31} = {94A2ED32-2A4F-4229-A0E4-12537BAAEA17}
		{8249454C-4632-48B5-A0D2-620D3ACAE6E0} = {94A2ED32-2A4F-4229-A0E4-12537BAAEA17}
		{0FDBFFFC-A3F2-492C-83C5-B2FBB79FA9CF} = {06C03F42-8E4B-4A8B-A198-403A6B6B97D4}
		{4A87202F-9CFC-4372-8014-661330F11712} = {06C03F42-8E4B-4A8B-A198-403A6B6B97D4}
		{4A3C35C8-4DE5-4FE4-91CA-5BFA9B65ACFD} = {06C03F42-8E4B-4A8B-A198-403A6B6B97D4}
		{9D2798B5-6873-4974-9A79-2D4B41492236} = {06C03F42-8E4B-4A8B-A198-403A6B6B97D4}
		{499A54A5-75CD-4781-8D9B-DA32C329C95A} = {6E3400C1-B1A3-40DF-B8DF-73F182D3326E}
		{C3FF1668-5E9E-4318-89C9-7CFBC143F098} = {6E3400C1-B1A3-40DF-B8DF-73F182D3326E}
		{05CC73BD-76AE-47E7-8C15-26E502015FD5} = {6E3400C1-B1A3-40DF-B8DF-73F182D3326E}
		{0A99A6B2-EECA-490A-B448-98A3042957BA} = {6E3400C1-B1A3-40DF-B8DF-73F182D3326E}
		{F766D26D-94F8-4D5B-B1ED-AE8F909A21E3} = {9BA45016-E40C-4B54-82BF-B76BBA317EC4}
		{B566BAC0-FD07-4F53-B88C-D59BAD950B2F} = {9BA45016-E40C-4B54-82BF-B76BBA317EC4}
		{625514F2-59C0-41C0-8E65-49CC4729368C} = {9BA45016-E40C-4B54-82BF-B76BBA317EC4}
		{0FC62F34-DE14-45EE-A1AB-CC7C512CB05E} = {9BA45016-E40C-4B54-82BF-B76BBA317EC4}
	EndGlobalSection
	GlobalSection(ExtensibilityGlobals) = postSolution
		SolutionGuid = {47CA64B2-8977-41A5-8865-D69E558CD7E7}
	EndGlobalSection
EndGlobal
